// !$*UTF8*$!
{
	archiveVersion = 1;
	classes = {
	};
	objectVersion = 46;
	objects = {

/* Begin PBXBuildFile section */
		9E82B3EE1AD810460063F1B0 /* Roboto-Light.ttf in Resources */ = {isa = PBXBuildFile; fileRef = 9E82B3EB1AD810460063F1B0 /* Roboto-Light.ttf */; };
		9E82B3F61AD810B50063F1B0 /* CollectionViewLayout.swift in Sources */ = {isa = PBXBuildFile; fileRef = 9E82B3F01AD810B50063F1B0 /* CollectionViewLayout.swift */; };
		9E82B3F81AD810B50063F1B0 /* CollectionViewWrapper.swift in Sources */ = {isa = PBXBuildFile; fileRef = 9E82B3F11AD810B50063F1B0 /* CollectionViewWrapper.swift */; };
		9E82B3FA1AD810B50063F1B0 /* DataFlow.swift in Sources */ = {isa = PBXBuildFile; fileRef = 9E82B3F21AD810B50063F1B0 /* DataFlow.swift */; };
		9E82B3FF1AD810B50063F1B0 /* TextFieldReactor.swift in Sources */ = {isa = PBXBuildFile; fileRef = 9E82B3F51AD810B50063F1B0 /* TextFieldReactor.swift */; };
		9EDED7191AE8F84A003F7783 /* GradientView.swift in Sources */ = {isa = PBXBuildFile; fileRef = 9EDED7181AE8F84A003F7783 /* GradientView.swift */; };
		9EE1A4561AE63209001A7FF2 /* RAMReel.swift in Sources */ = {isa = PBXBuildFile; fileRef = 9EE1A4551AE63209001A7FF2 /* RAMReel.swift */; };
		9EE3E52B1AE79BF8008F1136 /* RAMTextField.swift in Sources */ = {isa = PBXBuildFile; fileRef = 9EE3E52A1AE79BF8008F1136 /* RAMTextField.swift */; };
		9EEF41031AD94D5B0018E358 /* Theme.swift in Sources */ = {isa = PBXBuildFile; fileRef = 9EEF41021AD94D5B0018E358 /* Theme.swift */; };
		FADD8F1D1DA18A3600E3D6B3 /* CollectionViewCell.swift in Sources */ = {isa = PBXBuildFile; fileRef = 9E82B3F31AD810B50063F1B0 /* CollectionViewCell.swift */; };
/* End PBXBuildFile section */

/* Begin PBXFileReference section */
		9E82B37C1AD7EEAE0063F1B0 /* RAMReel.framework */ = {isa = PBXFileReference; explicitFileType = wrapper.framework; includeInIndex = 0; path = RAMReel.framework; sourceTree = BUILT_PRODUCTS_DIR; };
		9E82B3801AD7EEAE0063F1B0 /* Info.plist */ = {isa = PBXFileReference; lastKnownFileType = text.plist.xml; path = Info.plist; sourceTree = "<group>"; };
		9E82B3EA1AD810460063F1B0 /* Apache License.txt */ = {isa = PBXFileReference; fileEncoding = 4; lastKnownFileType = text; name = "Apache License.txt"; path = "Roboto/Apache License.txt"; sourceTree = "<group>"; };
		9E82B3EB1AD810460063F1B0 /* Roboto-Light.ttf */ = {isa = PBXFileReference; lastKnownFileType = file; name = "Roboto-Light.ttf"; path = "Roboto/Roboto-Light.ttf"; sourceTree = "<group>"; };
		9E82B3F01AD810B50063F1B0 /* CollectionViewLayout.swift */ = {isa = PBXFileReference; fileEncoding = 4; lastKnownFileType = sourcecode.swift; name = CollectionViewLayout.swift; path = Framework/CollectionViewLayout.swift; sourceTree = "<group>"; };
		9E82B3F11AD810B50063F1B0 /* CollectionViewWrapper.swift */ = {isa = PBXFileReference; fileEncoding = 4; lastKnownFileType = sourcecode.swift; name = CollectionViewWrapper.swift; path = Framework/CollectionViewWrapper.swift; sourceTree = "<group>"; };
		9E82B3F21AD810B50063F1B0 /* DataFlow.swift */ = {isa = PBXFileReference; fileEncoding = 4; lastKnownFileType = sourcecode.swift; name = DataFlow.swift; path = Framework/DataFlow.swift; sourceTree = "<group>"; };
		9E82B3F31AD810B50063F1B0 /* CollectionViewCell.swift */ = {isa = PBXFileReference; fileEncoding = 4; lastKnownFileType = sourcecode.swift; name = CollectionViewCell.swift; path = Framework/CollectionViewCell.swift; sourceTree = "<group>"; };
		9E82B3F41AD810B50063F1B0 /* RAMReel.h */ = {isa = PBXFileReference; fileEncoding = 4; lastKnownFileType = sourcecode.c.h; name = RAMReel.h; path = Framework/RAMReel.h; sourceTree = "<group>"; };
		9E82B3F51AD810B50063F1B0 /* TextFieldReactor.swift */ = {isa = PBXFileReference; fileEncoding = 4; lastKnownFileType = sourcecode.swift; name = TextFieldReactor.swift; path = Framework/TextFieldReactor.swift; sourceTree = "<group>"; };
		9EDED7181AE8F84A003F7783 /* GradientView.swift */ = {isa = PBXFileReference; fileEncoding = 4; lastKnownFileType = sourcecode.swift; name = GradientView.swift; path = Framework/GradientView.swift; sourceTree = "<group>"; };
		9EE1A4551AE63209001A7FF2 /* RAMReel.swift */ = {isa = PBXFileReference; fileEncoding = 4; lastKnownFileType = sourcecode.swift; name = RAMReel.swift; path = Framework/RAMReel.swift; sourceTree = "<group>"; };
		9EE3E52A1AE79BF8008F1136 /* RAMTextField.swift */ = {isa = PBXFileReference; fileEncoding = 4; lastKnownFileType = sourcecode.swift; name = RAMTextField.swift; path = Framework/RAMTextField.swift; sourceTree = "<group>"; };
		9EEF41021AD94D5B0018E358 /* Theme.swift */ = {isa = PBXFileReference; fileEncoding = 4; lastKnownFileType = sourcecode.swift; name = Theme.swift; path = Framework/Theme.swift; sourceTree = "<group>"; };
/* End PBXFileReference section */

/* Begin PBXFrameworksBuildPhase section */
		9E82B3781AD7EEAE0063F1B0 /* Frameworks */ = {
			isa = PBXFrameworksBuildPhase;
			buildActionMask = 2147483647;
			files = (
			);
			runOnlyForDeploymentPostprocessing = 0;
		};
/* End PBXFrameworksBuildPhase section */

/* Begin PBXGroup section */
		9E82B3721AD7EEAE0063F1B0 = {
			isa = PBXGroup;
			children = (
				9E82B37E1AD7EEAE0063F1B0 /* RAMReel */,
				9E82B37D1AD7EEAE0063F1B0 /* Products */,
			);
			sourceTree = "<group>";
		};
		9E82B37D1AD7EEAE0063F1B0 /* Products */ = {
			isa = PBXGroup;
			children = (
				9E82B37C1AD7EEAE0063F1B0 /* RAMReel.framework */,
			);
			name = Products;
			sourceTree = "<group>";
		};
		9E82B37E1AD7EEAE0063F1B0 /* RAMReel */ = {
			isa = PBXGroup;
			children = (
				9E82B3F41AD810B50063F1B0 /* RAMReel.h */,
				9E82B3A71AD7EED70063F1B0 /* Framework */,
				9E82B37F1AD7EEAE0063F1B0 /* Supporting Files */,
			);
			path = RAMReel;
			sourceTree = "<group>";
		};
		9E82B37F1AD7EEAE0063F1B0 /* Supporting Files */ = {
			isa = PBXGroup;
			children = (
				9E82B3E91AD810250063F1B0 /* Roboto */,
				9E82B3801AD7EEAE0063F1B0 /* Info.plist */,
			);
			name = "Supporting Files";
			sourceTree = "<group>";
		};
		9E82B3A71AD7EED70063F1B0 /* Framework */ = {
			isa = PBXGroup;
			children = (
				9EE1A4551AE63209001A7FF2 /* RAMReel.swift */,
				9EEF41021AD94D5B0018E358 /* Theme.swift */,
				9EEF41051AD94FFF0018E358 /* CollectionView */,
				9EEF41061AD950450018E358 /* Data */,
				9EEF41071AD9504D0018E358 /* TextField */,
				9EDED7171AE8F808003F7783 /* GradientView */,
			);
			name = Framework;
			sourceTree = "<group>";
		};
		9E82B3E91AD810250063F1B0 /* Roboto */ = {
			isa = PBXGroup;
			children = (
				9E82B3EA1AD810460063F1B0 /* Apache License.txt */,
				9E82B3EB1AD810460063F1B0 /* Roboto-Light.ttf */,
			);
			name = Roboto;
			sourceTree = "<group>";
		};
		9EDED7171AE8F808003F7783 /* GradientView */ = {
			isa = PBXGroup;
			children = (
				9EDED7181AE8F84A003F7783 /* GradientView.swift */,
			);
			name = GradientView;
			sourceTree = "<group>";
		};
		9EEF41051AD94FFF0018E358 /* CollectionView */ = {
			isa = PBXGroup;
			children = (
				9E82B3F01AD810B50063F1B0 /* CollectionViewLayout.swift */,
				9E82B3F11AD810B50063F1B0 /* CollectionViewWrapper.swift */,
				9E82B3F31AD810B50063F1B0 /* CollectionViewCell.swift */,
			);
			name = CollectionView;
			sourceTree = "<group>";
		};
		9EEF41061AD950450018E358 /* Data */ = {
			isa = PBXGroup;
			children = (
				9E82B3F21AD810B50063F1B0 /* DataFlow.swift */,
			);
			name = Data;
			sourceTree = "<group>";
		};
		9EEF41071AD9504D0018E358 /* TextField */ = {
			isa = PBXGroup;
			children = (
				9E82B3F51AD810B50063F1B0 /* TextFieldReactor.swift */,
				9EE3E52A1AE79BF8008F1136 /* RAMTextField.swift */,
			);
			name = TextField;
			sourceTree = "<group>";
		};
/* End PBXGroup section */

/* Begin PBXHeadersBuildPhase section */
		9E82B3791AD7EEAE0063F1B0 /* Headers */ = {
			isa = PBXHeadersBuildPhase;
			buildActionMask = 2147483647;
			files = (
			);
			runOnlyForDeploymentPostprocessing = 0;
		};
/* End PBXHeadersBuildPhase section */

/* Begin PBXNativeTarget section */
		9E82B37B1AD7EEAE0063F1B0 /* RAMReel */ = {
			isa = PBXNativeTarget;
			buildConfigurationList = 9E82B3921AD7EEAE0063F1B0 /* Build configuration list for PBXNativeTarget "RAMReel" */;
			buildPhases = (
				9E82B3771AD7EEAE0063F1B0 /* Sources */,
				9E82B3781AD7EEAE0063F1B0 /* Frameworks */,
				9E82B3791AD7EEAE0063F1B0 /* Headers */,
				9E82B37A1AD7EEAE0063F1B0 /* Resources */,
			);
			buildRules = (
			);
			dependencies = (
			);
			name = RAMReel;
			productName = RAMReel;
			productReference = 9E82B37C1AD7EEAE0063F1B0 /* RAMReel.framework */;
			productType = "com.apple.product-type.framework";
		};
/* End PBXNativeTarget section */

/* Begin PBXProject section */
		9E82B3731AD7EEAE0063F1B0 /* Project object */ = {
			isa = PBXProject;
			attributes = {
				LastSwiftMigration = 0700;
				LastSwiftUpdateCheck = 0700;
				LastUpgradeCheck = 0900;
				ORGANIZATIONNAME = Ramotion;
				TargetAttributes = {
					9E82B37B1AD7EEAE0063F1B0 = {
						CreatedOnToolsVersion = 6.3;
						LastSwiftMigration = 0900;
					};
				};
			};
			buildConfigurationList = 9E82B3761AD7EEAE0063F1B0 /* Build configuration list for PBXProject "RAMReel" */;
			compatibilityVersion = "Xcode 3.2";
			developmentRegion = English;
			hasScannedForEncodings = 0;
			knownRegions = (
				en,
			);
			mainGroup = 9E82B3721AD7EEAE0063F1B0;
			productRefGroup = 9E82B37D1AD7EEAE0063F1B0 /* Products */;
			projectDirPath = "";
			projectRoot = "";
			targets = (
				9E82B37B1AD7EEAE0063F1B0 /* RAMReel */,
			);
		};
/* End PBXProject section */

/* Begin PBXResourcesBuildPhase section */
		9E82B37A1AD7EEAE0063F1B0 /* Resources */ = {
			isa = PBXResourcesBuildPhase;
			buildActionMask = 2147483647;
			files = (
				9E82B3EE1AD810460063F1B0 /* Roboto-Light.ttf in Resources */,
			);
			runOnlyForDeploymentPostprocessing = 0;
		};
/* End PBXResourcesBuildPhase section */

/* Begin PBXSourcesBuildPhase section */
		9E82B3771AD7EEAE0063F1B0 /* Sources */ = {
			isa = PBXSourcesBuildPhase;
			buildActionMask = 2147483647;
			files = (
				9EE1A4561AE63209001A7FF2 /* RAMReel.swift in Sources */,
				9E82B3FF1AD810B50063F1B0 /* TextFieldReactor.swift in Sources */,
				FADD8F1D1DA18A3600E3D6B3 /* CollectionViewCell.swift in Sources */,
				9EDED7191AE8F84A003F7783 /* GradientView.swift in Sources */,
				9E82B3F61AD810B50063F1B0 /* CollectionViewLayout.swift in Sources */,
				9E82B3FA1AD810B50063F1B0 /* DataFlow.swift in Sources */,
				9EEF41031AD94D5B0018E358 /* Theme.swift in Sources */,
				9EE3E52B1AE79BF8008F1136 /* RAMTextField.swift in Sources */,
				9E82B3F81AD810B50063F1B0 /* CollectionViewWrapper.swift in Sources */,
			);
			runOnlyForDeploymentPostprocessing = 0;
		};
/* End PBXSourcesBuildPhase section */

/* Begin XCBuildConfiguration section */
		9E82B3901AD7EEAE0063F1B0 /* Debug */ = {
			isa = XCBuildConfiguration;
			buildSettings = {
				ALWAYS_SEARCH_USER_PATHS = NO;
				CLANG_CXX_LANGUAGE_STANDARD = "gnu++0x";
				CLANG_CXX_LIBRARY = "libc++";
				CLANG_ENABLE_MODULES = YES;
				CLANG_ENABLE_OBJC_ARC = YES;
				CLANG_WARN_BLOCK_CAPTURE_AUTORELEASING = YES;
				CLANG_WARN_BOOL_CONVERSION = YES;
				CLANG_WARN_COMMA = YES;
				CLANG_WARN_CONSTANT_CONVERSION = YES;
				CLANG_WARN_DIRECT_OBJC_ISA_USAGE = YES_ERROR;
				CLANG_WARN_EMPTY_BODY = YES;
				CLANG_WARN_ENUM_CONVERSION = YES;
				CLANG_WARN_INFINITE_RECURSION = YES;
				CLANG_WARN_INT_CONVERSION = YES;
				CLANG_WARN_NON_LITERAL_NULL_CONVERSION = YES;
				CLANG_WARN_OBJC_LITERAL_CONVERSION = YES;
				CLANG_WARN_OBJC_ROOT_CLASS = YES_ERROR;
				CLANG_WARN_RANGE_LOOP_ANALYSIS = YES;
				CLANG_WARN_STRICT_PROTOTYPES = YES;
				CLANG_WARN_SUSPICIOUS_MOVE = YES;
				CLANG_WARN_UNREACHABLE_CODE = YES;
				CLANG_WARN__DUPLICATE_METHOD_MATCH = YES;
				"CODE_SIGN_IDENTITY[sdk=iphoneos*]" = "iPhone Developer";
				COPY_PHASE_STRIP = NO;
				CURRENT_PROJECT_VERSION = 1;
				DEBUG_INFORMATION_FORMAT = "dwarf-with-dsym";
				ENABLE_STRICT_OBJC_MSGSEND = YES;
				ENABLE_TESTABILITY = YES;
				GCC_C_LANGUAGE_STANDARD = gnu99;
				GCC_DYNAMIC_NO_PIC = NO;
				GCC_NO_COMMON_BLOCKS = YES;
				GCC_OPTIMIZATION_LEVEL = 0;
				GCC_PREPROCESSOR_DEFINITIONS = (
					"DEBUG=1",
					"$(inherited)",
				);
				GCC_SYMBOLS_PRIVATE_EXTERN = NO;
				GCC_WARN_64_TO_32_BIT_CONVERSION = YES;
				GCC_WARN_ABOUT_RETURN_TYPE = YES_ERROR;
				GCC_WARN_UNDECLARED_SELECTOR = YES;
				GCC_WARN_UNINITIALIZED_AUTOS = YES_AGGRESSIVE;
				GCC_WARN_UNUSED_FUNCTION = YES;
				GCC_WARN_UNUSED_VARIABLE = YES;
				IPHONEOS_DEPLOYMENT_TARGET = 8.0;
				MTL_ENABLE_DEBUG_INFO = YES;
				ONLY_ACTIVE_ARCH = YES;
				SDKROOT = iphoneos;
				SWIFT_OPTIMIZATION_LEVEL = "-Onone";
				TARGETED_DEVICE_FAMILY = "1,2";
				VERSIONING_SYSTEM = "apple-generic";
				VERSION_INFO_PREFIX = "";
			};
			name = Debug;
		};
		9E82B3911AD7EEAE0063F1B0 /* Release */ = {
			isa = XCBuildConfiguration;
			buildSettings = {
				ALWAYS_SEARCH_USER_PATHS = NO;
				CLANG_CXX_LANGUAGE_STANDARD = "gnu++0x";
				CLANG_CXX_LIBRARY = "libc++";
				CLANG_ENABLE_MODULES = YES;
				CLANG_ENABLE_OBJC_ARC = YES;
				CLANG_WARN_BLOCK_CAPTURE_AUTORELEASING = YES;
				CLANG_WARN_BOOL_CONVERSION = YES;
				CLANG_WARN_COMMA = YES;
				CLANG_WARN_CONSTANT_CONVERSION = YES;
				CLANG_WARN_DIRECT_OBJC_ISA_USAGE = YES_ERROR;
				CLANG_WARN_EMPTY_BODY = YES;
				CLANG_WARN_ENUM_CONVERSION = YES;
				CLANG_WARN_INFINITE_RECURSION = YES;
				CLANG_WARN_INT_CONVERSION = YES;
				CLANG_WARN_NON_LITERAL_NULL_CONVERSION = YES;
				CLANG_WARN_OBJC_LITERAL_CONVERSION = YES;
				CLANG_WARN_OBJC_ROOT_CLASS = YES_ERROR;
				CLANG_WARN_RANGE_LOOP_ANALYSIS = YES;
				CLANG_WARN_STRICT_PROTOTYPES = YES;
				CLANG_WARN_SUSPICIOUS_MOVE = YES;
				CLANG_WARN_UNREACHABLE_CODE = YES;
				CLANG_WARN__DUPLICATE_METHOD_MATCH = YES;
				"CODE_SIGN_IDENTITY[sdk=iphoneos*]" = "iPhone Developer";
				COPY_PHASE_STRIP = NO;
				CURRENT_PROJECT_VERSION = 1;
				DEBUG_INFORMATION_FORMAT = "dwarf-with-dsym";
				ENABLE_NS_ASSERTIONS = NO;
				ENABLE_STRICT_OBJC_MSGSEND = YES;
				GCC_C_LANGUAGE_STANDARD = gnu99;
				GCC_NO_COMMON_BLOCKS = YES;
				GCC_WARN_64_TO_32_BIT_CONVERSION = YES;
				GCC_WARN_ABOUT_RETURN_TYPE = YES_ERROR;
				GCC_WARN_UNDECLARED_SELECTOR = YES;
				GCC_WARN_UNINITIALIZED_AUTOS = YES_AGGRESSIVE;
				GCC_WARN_UNUSED_FUNCTION = YES;
				GCC_WARN_UNUSED_VARIABLE = YES;
				IPHONEOS_DEPLOYMENT_TARGET = 8.0;
				MTL_ENABLE_DEBUG_INFO = NO;
				SDKROOT = iphoneos;
				SWIFT_OPTIMIZATION_LEVEL = "-Owholemodule";
				TARGETED_DEVICE_FAMILY = "1,2";
				VALIDATE_PRODUCT = YES;
				VERSIONING_SYSTEM = "apple-generic";
				VERSION_INFO_PREFIX = "";
			};
			name = Release;
		};
		9E82B3931AD7EEAE0063F1B0 /* Debug */ = {
			isa = XCBuildConfiguration;
			buildSettings = {
				CLANG_ENABLE_MODULES = YES;
				"CODE_SIGN_IDENTITY[sdk=iphoneos*]" = "";
				DEFINES_MODULE = YES;
				DYLIB_COMPATIBILITY_VERSION = 1;
				DYLIB_CURRENT_VERSION = 1;
				DYLIB_INSTALL_NAME_BASE = "@rpath";
				INFOPLIST_FILE = RAMReel/Info.plist;
				INSTALL_PATH = "$(LOCAL_LIBRARY_DIR)/Frameworks";
				IPHONEOS_DEPLOYMENT_TARGET = 8.0;
				LD_RUNPATH_SEARCH_PATHS = "$(inherited) @executable_path/Frameworks @loader_path/Frameworks";
				PRODUCT_BUNDLE_IDENTIFIER = "com.ramotion.$(PRODUCT_NAME:rfc1034identifier)";
				PRODUCT_NAME = "$(TARGET_NAME)";
				SKIP_INSTALL = YES;
				SWIFT_OPTIMIZATION_LEVEL = "-Onone";
				SWIFT_SWIFT3_OBJC_INFERENCE = Default;
				SWIFT_VERSION = 4.0;
			};
			name = Debug;
		};
		9E82B3941AD7EEAE0063F1B0 /* Release */ = {
			isa = XCBuildConfiguration;
			buildSettings = {
				CLANG_ENABLE_MODULES = YES;
				"CODE_SIGN_IDENTITY[sdk=iphoneos*]" = "";
				DEFINES_MODULE = YES;
				DYLIB_COMPATIBILITY_VERSION = 1;
				DYLIB_CURRENT_VERSION = 1;
				DYLIB_INSTALL_NAME_BASE = "@rpath";
				INFOPLIST_FILE = RAMReel/Info.plist;
				INSTALL_PATH = "$(LOCAL_LIBRARY_DIR)/Frameworks";
				IPHONEOS_DEPLOYMENT_TARGET = 8.0;
				LD_RUNPATH_SEARCH_PATHS = "$(inherited) @executable_path/Frameworks @loader_path/Frameworks";
				PRODUCT_BUNDLE_IDENTIFIER = "com.ramotion.$(PRODUCT_NAME:rfc1034identifier)";
				PRODUCT_NAME = "$(TARGET_NAME)";
				SKIP_INSTALL = YES;
				SWIFT_SWIFT3_OBJC_INFERENCE = Default;
				SWIFT_VERSION = 4.0;
			};
			name = Release;
		};
/* End XCBuildConfiguration section */

/* Begin XCConfigurationList section */
		9E82B3761AD7EEAE0063F1B0 /* Build configuration list for PBXProject "RAMReel" */ = {
			isa = XCConfigurationList;
			buildConfigurations = (
				9E82B3901AD7EEAE0063F1B0 /* Debug */,
				9E82B3911AD7EEAE0063F1B0 /* Release */,
			);
			defaultConfigurationIsVisible = 0;
			defaultConfigurationName = Release;
		};
		9E82B3921AD7EEAE0063F1B0 /* Build configuration list for PBXNativeTarget "RAMReel" */ = {
			isa = XCConfigurationList;
			buildConfigurations = (
				9E82B3931AD7EEAE0063F1B0 /* Debug */,
				9E82B3941AD7EEAE0063F1B0 /* Release */,
			);
			defaultConfigurationIsVisible = 0;
			defaultConfigurationName = Release;
		};
/* End XCConfigurationList section */
	};
	rootObject = 9E82B3731AD7EEAE0063F1B0 /* Project object */;
}
